{
  "name": "gbmateriales",
  "version": "1.0.0",
  "lockfileVersion": 1,
  "requires": true,
  "dependencies": {
    "@uirouter/core": {
      "version": "5.0.3",
      "resolved": "https://registry.npmjs.org/@uirouter/core/-/core-5.0.3.tgz",
      "integrity": "sha1-4rWx5FGQ4gxnuk4VwBPeXU4MyrM="
    },
    "angular": {
      "version": "1.6.8",
      "resolved": "https://registry.npmjs.org/angular/-/angular-1.6.8.tgz",
      "integrity": "sha512-9WErZIOw1Cu1V5Yxdvxz/6YpND8ntdP71fdPpufPFJvZodZXqCjQBYrHqEoMZreO5i84O3D/Jw/vepoFt68Azw=="
    },
    "angular-jwt": {
      "version": "0.1.9",
      "resolved": "https://registry.npmjs.org/angular-jwt/-/angular-jwt-0.1.9.tgz",
      "integrity": "sha1-24vPGPBapXMgrC/aFh1+liLAmcM="
    },
    "angular-ui-router": {
      "version": "1.0.3",
      "resolved": "https://registry.npmjs.org/angular-ui-router/-/angular-ui-router-1.0.3.tgz",
      "integrity": "sha1-vySUyq6Vw3zwGvN2HYl0fP7S20U=",
      "requires": {
        "@uirouter/core": "5.0.3"
      }
    },
    "bootstrap": {
      "version": "4.0.0",
      "resolved": "https://registry.npmjs.org/bootstrap/-/bootstrap-4.0.0.tgz",
      "integrity": "sha512-gulJE5dGFo6Q61V/whS6VM4WIyrlydXfCgkE+Gxe5hjrJ8rXLLZlALq7zq2RPhOc45PSwQpJkrTnc2KgD6cvmA=="
    },
    "font-awesome": {
      "version": "4.7.0",
      "resolved": "https://registry.npmjs.org/font-awesome/-/font-awesome-4.7.0.tgz",
      "integrity": "sha1-j6jPBBGhoxr9B7BtKQK7n8gVoTM="
    },
    "tachyons": {
      "version": "4.9.1",
      "resolved": "https://registry.npmjs.org/tachyons/-/tachyons-4.9.1.tgz",
      "integrity": "sha512-trJFXhzDZeHRcd9Bqn6ub3e0VqGWKMsGdP7RJoT+8Ihoak41o1qCwqcFx8hsFlfFWa6a4jsb464TNXnTt+MPnw=="
    }
  }
}
